<?xml version="1.0" encoding="utf-8"?>
<Project ToolsVersion="4.0" xmlns="http://schemas.microsoft.com/developer/msbuild/2003">
  <ItemGroup>
    <Filter Include="Source Files">
      <UniqueIdentifier>{4FC737F1-C7A5-4376-A066-2A32D752A2FF}</UniqueIdentifier>
      <Extensions>cpp;c;cc;cxx;def;odl;idl;hpj;bat;asm;asmx</Extensions>
    </Filter>
    <Filter Include="Header Files">
      <UniqueIdentifier>{93995380-89BD-4b04-88EB-625FBE52EBFB}</UniqueIdentifier>
      <Extensions>h;hpp;hxx;hm;inl;inc;xsd</Extensions>
    </Filter>
    <Filter Include="Resource Files">
      <UniqueIdentifier>{67DA6AB6-F800-4c08-8B7A-83BB121AAD01}</UniqueIdentifier>
      <Extensions>rc;ico;cur;bmp;dlg;rc2;rct;bin;rgs;gif;jpg;jpeg;jpe;resx;tiff;tif;png;wav;mfcribbon-ms</Extensions>
    </Filter>
  </ItemGroup>
  <ItemGroup>
    <ClInclude Include="..\src\armor.h">
      <Filter>Header Files</Filter>
    </ClInclude>
    <ClInclude Include="..\src\dict.h">
      <Filter>Header Files</Filter>
    </ClInclude>
    <ClInclude Include="..\src\entity.h">
      <Filter>Header Files</Filter>
    </ClInclude>
    <ClInclude Include="..\src\graphics.h">
      <Filter>Header Files</Filter>
    </ClInclude>
    <ClInclude Include="..\src\grue.h">
      <Filter>Header Files</Filter>
    </ClInclude>
    <ClInclude Include="..\src\HUD.h">
      <Filter>Header Files</Filter>
    </ClInclude>
    <ClInclude Include="..\src\inventory.h">
      <Filter>Header Files</Filter>
    </ClInclude>
    <ClInclude Include="..\src\items.h">
      <Filter>Header Files</Filter>
    </ClInclude>
    <ClInclude Include="..\src\items_define.h">
      <Filter>Header Files</Filter>
    </ClInclude>
    <ClInclude Include="..\src\json_parse.h">
      <Filter>Header Files</Filter>
    </ClInclude>
    <ClInclude Include="..\src\load.h">
      <Filter>Header Files</Filter>
    </ClInclude>
    <ClInclude Include="..\src\minotaur.h">
      <Filter>Header Files</Filter>
    </ClInclude>
    <ClInclude Include="..\src\monster_ai.h">
      <Filter>Header Files</Filter>
    </ClInclude>
    <ClInclude Include="..\src\monster_define.h">
      <Filter>Header Files</Filter>
    </ClInclude>
    <ClInclude Include="..\src\orc.h">
      <Filter>Header Files</Filter>
    </ClInclude>
    <ClInclude Include="..\src\path_find.h">
      <Filter>Header Files</Filter>
    </ClInclude>
    <ClInclude Include="..\src\player.h">
      <Filter>Header Files</Filter>
    </ClInclude>
    <ClInclude Include="..\src\sara.h">
      <Filter>Header Files</Filter>
    </ClInclude>
    <ClInclude Include="..\src\save.h">
      <Filter>Header Files</Filter>
    </ClInclude>
    <ClInclude Include="..\src\simple_logger.h">
      <Filter>Header Files</Filter>
    </ClInclude>
    <ClInclude Include="..\src\spider.h">
      <Filter>Header Files</Filter>
    </ClInclude>
    <ClInclude Include="..\src\sprite.h">
      <Filter>Header Files</Filter>
    </ClInclude>
    <ClInclude Include="..\src\structure_define.h">
      <Filter>Header Files</Filter>
    </ClInclude>
    <ClInclude Include="..\src\structures.h">
      <Filter>Header Files</Filter>
    </ClInclude>
    <ClInclude Include="..\src\supp_angel.h">
      <Filter>Header Files</Filter>
    </ClInclude>
    <ClInclude Include="..\src\support_ai.h">
      <Filter>Header Files</Filter>
    </ClInclude>
    <ClInclude Include="..\src\support_define.h">
      <Filter>Header Files</Filter>
    </ClInclude>
    <ClInclude Include="..\src\Tile.h">
      <Filter>Header Files</Filter>
    </ClInclude>
    <ClInclude Include="..\src\Tile_define.h">
      <Filter>Header Files</Filter>
    </ClInclude>
    <ClInclude Include="..\src\types.h">
      <Filter>Header Files</Filter>
    </ClInclude>
    <ClInclude Include="..\src\vector.h">
      <Filter>Header Files</Filter>
    </ClInclude>
    <ClInclude Include="..\src\weapon.h">
      <Filter>Header Files</Filter>
    </ClInclude>
    <ClInclude Include="..\src\audio.h">
      <Filter>Header Files</Filter>
    </ClInclude>
    <ClInclude Include="..\src\sound.h">
      <Filter>Header Files</Filter>
    </ClInclude>
    <ClInclude Include="..\src\music.h">
      <Filter>Header Files</Filter>
    </ClInclude>
    <ClInclude Include="..\src\archer.h">
      <Filter>Header Files</Filter>
    </ClInclude>
  </ItemGroup>
  <ItemGroup>
    <ClCompile Include="..\src\archer.c">
      <Filter>Source Files</Filter>
    </ClCompile>
    <ClCompile Include="..\src\armor.c">
      <Filter>Source Files</Filter>
    </ClCompile>
    <ClCompile Include="..\src\dict.c">
      <Filter>Source Files</Filter>
    </ClCompile>
    <ClCompile Include="..\src\entity.c">
      <Filter>Source Files</Filter>
    </ClCompile>
    <ClCompile Include="..\src\graphics.c">
      <Filter>Source Files</Filter>
    </ClCompile>
    <ClCompile Include="..\src\grue.c">
      <Filter>Source Files</Filter>
    </ClCompile>
    <ClCompile Include="..\src\HUD.c">
      <Filter>Source Files</Filter>
    </ClCompile>
    <ClCompile Include="..\src\inventory.c">
      <Filter>Source Files</Filter>
    </ClCompile>
    <ClCompile Include="..\src\items.c">
      <Filter>Source Files</Filter>
    </ClCompile>
    <ClCompile Include="..\src\json_parse.c">
      <Filter>Source Files</Filter>
    </ClCompile>
    <ClCompile Include="..\src\load.c">
      <Filter>Source Files</Filter>
    </ClCompile>
    <ClCompile Include="..\src\minotaur.c">
      <Filter>Source Files</Filter>
    </ClCompile>
    <ClCompile Include="..\src\monster_ai.c">
      <Filter>Source Files</Filter>
    </ClCompile>
    <ClCompile Include="..\src\orc.c">
      <Filter>Source Files</Filter>
    </ClCompile>
    <ClCompile Include="..\src\path_find.c">
      <Filter>Source Files</Filter>
    </ClCompile>
    <ClCompile Include="..\src\player.c">
      <Filter>Source Files</Filter>
    </ClCompile>
    <ClCompile Include="..\src\sara.c">
      <Filter>Source Files</Filter>
    </ClCompile>
    <ClCompile Include="..\src\save.c">
      <Filter>Source Files</Filter>
    </ClCompile>
    <ClCompile Include="..\src\simple_logger.c">
      <Filter>Source Files</Filter>
    </ClCompile>
    <ClCompile Include="..\src\spider.c">
      <Filter>Source Files</Filter>
    </ClCompile>
    <ClCompile Include="..\src\sprite.c">
      <Filter>Source Files</Filter>
    </ClCompile>
    <ClCompile Include="..\src\structures.c">
      <Filter>Source Files</Filter>
    </ClCompile>
    <ClCompile Include="..\src\supp_angel.c">
      <Filter>Source Files</Filter>
    </ClCompile>
    <ClCompile Include="..\src\support_ai.c">
      <Filter>Source Files</Filter>
    </ClCompile>
    <ClCompile Include="..\src\Tile.c">
      <Filter>Source Files</Filter>
    </ClCompile>
    <ClCompile Include="..\src\types.c">
      <Filter>Source Files</Filter>
    </ClCompile>
    <ClCompile Include="..\src\vector.c">
      <Filter>Source Files</Filter>
    </ClCompile>
    <ClCompile Include="..\src\weapon.c">
      <Filter>Source Files</Filter>
    </ClCompile>
    <ClCompile Include="..\src\game.c">
      <Filter>Source Files</Filter>
    </ClCompile>
    <ClCompile Include="..\src\audio.c">
      <Filter>Source Files</Filter>
    </ClCompile>
    <ClCompile Include="..\src\sound.c">
      <Filter>Source Files</Filter>
    </ClCompile>
    <ClCompile Include="..\src\music.c">
      <Filter>Source Files</Filter>
    </ClCompile>
  </ItemGroup>
  <ItemGroup>
    <None Include="..\src\Makefile" />
  </ItemGroup>
</Project>