<?xml version="1.0" encoding="utf-8"?>
<Project ToolsVersion="4.0" xmlns="http://schemas.microsoft.com/developer/msbuild/2003">
  <ItemGroup>
    <ClCompile Include="..\src\armor.c" />
    <ClCompile Include="..\src\entity.c" />
    <ClCompile Include="..\src\game.c" />
    <ClCompile Include="..\src\graphics.c" />
    <ClCompile Include="..\src\grue.c" />
    <ClCompile Include="..\src\monster_ai.c" />
    <ClCompile Include="..\src\player.c" />
    <ClCompile Include="..\src\simple_logger.c" />
    <ClCompile Include="..\src\sprite.c" />
    <ClCompile Include="..\src\Tile.c" />
    <ClCompile Include="..\src\vector.c" />
    <ClCompile Include="..\src\weapon.c" />
  </ItemGroup>
  <ItemGroup>
    <ClInclude Include="..\src\armor.h" />
    <ClInclude Include="..\src\entity.h" />
    <ClInclude Include="..\src\graphics.h" />
    <ClInclude Include="..\src\grue.h" />
    <ClInclude Include="..\src\monster_ai.h" />
    <ClInclude Include="..\src\monster_define.h" />
    <ClInclude Include="..\src\player.h" />
    <ClInclude Include="..\src\simple_logger.h" />
    <ClInclude Include="..\src\sprite.h" />
    <ClInclude Include="..\src\Tile.h" />
    <ClInclude Include="..\src\Tile_define.h" />
    <ClInclude Include="..\src\vector.h" />
    <ClInclude Include="..\src\weapon.h" />
  </ItemGroup>
  <ItemGroup>
    <Filter Include="Headers">
      <UniqueIdentifier>{09504301-a5bb-4be1-a4c0-b5d39e01eb29}</UniqueIdentifier>
    </Filter>
  </ItemGroup>
</Project>